
Microsoft Visual Studio Solution File, Format Version 12.00
# Visual Studio Version 17
VisualStudioVersion = 17.14.36221.1 d17.14
MinimumVisualStudioVersion = 10.0.40219.1
Project("{FAE04EC0-301F-11D3-BF4B-00C04F79EFBC}") = "Exam", "Exam\Exam.csproj", "{9B13F237-6881-46AD-90D3-869ABD42FD46}"
EndProject
Global
	GlobalSection(SolutionConfigurationPlatforms) = preSolution
		Debug|Any CPU = Debug|Any CPU
		Release|Any CPU = Release|Any CPU
	EndGlobalSection
	GlobalSection(ProjectConfigurationPlatforms) = postSolution
		{9B13F237-6881-46AD-90D3-869ABD42FD46}.Debug|Any CPU.ActiveCfg = Debug|Any CPU
		{9B13F237-6881-46AD-90D3-869ABD42FD46}.Debug|Any CPU.Build.0 = Debug|Any CPU
		{9B13F237-6881-46AD-90D3-869ABD42FD46}.Release|Any CPU.ActiveCfg = Release|Any CPU
		{9B13F237-6881-46AD-90D3-869ABD42FD46}.Release|Any CPU.Build.0 = Release|Any CPU
	EndGlobalSection
	GlobalSection(SolutionProperties) = preSolution
		HideSolutionNode = FALSE
	EndGlobalSection
	GlobalSection(ExtensibilityGlobals) = postSolution
		SolutionGuid = {FC5A1D6A-2B34-46F6-A882-F52EFBD043E4}
	EndGlobalSection
EndGlobal
